# This file is automatically @generated by Cargo.
# It is not intended for manual editing.
[[package]]
name = "core-foundation"
version = "0.6.4"
source = "registry+https://github.com/rust-lang/crates.io-index"
dependencies = [
 "core-foundation-sys 0.6.2 (registry+https://github.com/rust-lang/crates.io-index)",
 "libc 0.2.51 (registry+https://github.com/rust-lang/crates.io-index)",
]

[[package]]
name = "core-foundation-sys"
version = "0.6.2"
source = "registry+https://github.com/rust-lang/crates.io-index"

[[package]]
name = "libc"
version = "0.2.51"
source = "registry+https://github.com/rust-lang/crates.io-index"

[[package]]
name = "rust-katas"
version = "0.1.0"
dependencies = [
 "core-foundation 0.6.4 (registry+https://github.com/rust-lang/crates.io-index)",
]

[metadata]
"checksum core-foundation 0.6.4 (registry+https://github.com/rust-lang/crates.io-index)" = "25b9e03f145fd4f2bf705e07b900cd41fc636598fe5dc452fd0db1441c3f496d"
"checksum core-foundation-sys 0.6.2 (registry+https://github.com/rust-lang/crates.io-index)" = "e7ca8a5221364ef15ce201e8ed2f609fc312682a8f4e0e3d4aa5879764e0fa3b"
"checksum libc 0.2.51 (registry+https://github.com/rust-lang/crates.io-index)" = "bedcc7a809076656486ffe045abeeac163da1b558e963a31e29fbfbeba916917"
